# Tested CM5 runtime, Raspberry Pi OS Trixie / CPython 3.13 / aarch64.
# Complete transitive closure; do not upgrade individual packages in place.
aenum==3.1.17 --hash=sha256:9327a2da562a58b92f0092bbd0e0259c242d68b7021abebbf4e6d4845d2f6766
aiofiles==25.1.0 --hash=sha256:0be23e42a602b9406ad409d5dd087fb2a05b675f1c2df87473c73b5c5caa8ba2
aiohappyeyeballs==2.7.1 --hash=sha256:99b1247ee42e5adc7ef44ab07a57d1eaee2814441b7d05effe780afc5672a06c
aiohttp==3.14.3 --hash=sha256:55bdcc472aafe2de4a253045cc128007a64f1e0264fb675791e132ea5edaa3bd
aiosignal==1.4.0 --hash=sha256:d13357e13bf4ff9b838e98eb33898353789a8fe6c1dba2d250f7acb46307efcc
anyio==4.15.1 --hash=sha256:3775a368d99ae82868850dfecbf23bebe253eb4b534211b62209e53ff0e5dceb
attrs==26.1.0 --hash=sha256:94d456bc1957108a0fb6036f263231863fa167bffcf1d4a5d4452aace9413195
certifi==2026.7.22 --hash=sha256:9de65d0980dfad0fe9dcf13df12e8109d6f4a746b526bfb206d00126648c6c0f
cffi==2.1.1 --hash=sha256:f16c709686a78c727bbbf059f92b0bf41c6fc60deec706d2dc19f529175a6125
charset-normalizer==3.5.1 --hash=sha256:94d78ecec2605a8d0398b0f365d5f12a63248438516f5dac536a5eff7337df4a
dataclasses-json==0.6.7 --hash=sha256:0dbf33f26c8d5305befd61b39d2b3414e8a407bedc2834dea9b8d642666fb40a
deepgram-sdk==3.11.0 --hash=sha256:8dcc1fd1e0b795e699ac3b5b03de5f79c9fc1ca5a0b8654ee27cd0fdade9154f
deprecation==2.1.0 --hash=sha256:a10811591210e1fb0e768a8c25517cabeabcba6f0bf96564f8ff45189f90b14a
flatbuffers==25.12.19 --hash=sha256:7634f50c427838bb021c2d66a3d1168e9d199b0607e6329399f04846d42e20b4
frozenlist==1.8.0 --hash=sha256:eaa352d7047a31d87dafcacbabe89df0aa506abb5b1b85a2fb91bc3faa02d822
h11==0.16.0 --hash=sha256:9e54505b012527625f54dcc591e3e253276327e8a9c86f55bdb9012e9000e462
httpcore==1.0.9 --hash=sha256:2d400746a40668fc9dec9810239072b40b4484b640a8c38fd654a024c7a1bf55
httpx==0.28.1 --hash=sha256:d909fcccc110f8c7faf814ca82a9a4d816bc5a6dbfea25d6591d6985b8ba59ad
idna==3.20 --hash=sha256:ab7ae7122974553370f0bdb919e1a960b2cd1bc1ef0276416d896db81c14582c
marshmallow==3.26.2 --hash=sha256:013fa8a3c4c276c24d26d84ce934dc964e2aa794345a0f8c7e5a7191482c8a73
multidict==6.9.1 --hash=sha256:b22ff30006a2f28f8bff878fb93413cbe3a4d1fd517c28081d848c90e9cfd2c8
mypy-extensions==1.1.0 --hash=sha256:1be4cccdb0f2482337c4743e60421de3a356cd97508abadd57d47403e94f5505
numpy==2.5.3 --hash=sha256:c76d5dde9f445058f83d0c02af00557a4db91de9a9a57c0df87d1535001d654b
onnxruntime==1.30.0 --hash=sha256:5327cf6aa15a02bad805fac8bd6882a62571e8b72f6f2938a8f37e6bd1966ce9
packaging==26.3 --hash=sha256:414c46fcfb5f98edc3e3139a1f1d780e01cf76995b072f11975c665fcc57de83
propcache==0.5.4 --hash=sha256:dbab5f5ff6897c81f355d079010cdae85b02e5a0b518b5251523b8ad8ae9ac3c
protobuf==7.36.2 --hash=sha256:e11e1f0180583a2af89db6a2ecd9e8dc40aa6d2988ca175bfd0e6d12ea72d74e
pycparser==3.0 --hash=sha256:5f6f9dbccdbe23d54fab1c279cc6efccd43286749517d2d88b2ecb00a2ed8673
requests==2.34.2 --hash=sha256:e9adb7992624fe111ddbd07653f8791c60bd716dfe21309ee0e34d55391be90f
sherpa-onnx-core==1.13.8 --hash=sha256:a51a03d55c376c32e15dd63ea852236042ba91a5cd73e253bbf7cf21f6582ba9
sherpa-onnx==1.13.8 --hash=sha256:916ec38242e779ee3a99f7b161bd1bf3b02a7fad34cb073d091021c0469e0b58
sounddevice==0.5.6 --hash=sha256:425f0debd4d806bb7cdb26addb2b96b8d71ea876e9e37e929dc5567a3e9b93c3
srt==3.5.3 --hash=sha256:73bc9976691ed55efa7fb1e4747bfcb9b7029ffe9e49f81cd79236c5fb88b978
tqdm==4.70.1 --hash=sha256:7802b83ac5562cd41650bcdb094d11494cf4525b8569dcd3e9dfcd49ae51f181
typing-extensions==4.16.0 --hash=sha256:481caa481374e813c1b176ada14e97f1f67a4539ce9cfeb3f350d78d6370c2e8
typing-inspect==0.9.0 --hash=sha256:392bf8c1c6cc224b9944d4238180bcfe5ffa6709745f00034625d1ab29f5c025
urllib3==2.8.0 --hash=sha256:dcdcefdaf12b526b29d6ee36803cefd2881fe1a8d5cd6f7f569c28b4b4f898b7
vosk==0.3.45 --hash=sha256:54efb47dd890e544e9e20f0316413acec7f8680d04ec095c6140ab4e70262704
websockets==17.1 --hash=sha256:e5f5c7a893507d0e83a80b88aefd6522f7e882cd53f9722c6f23f5a020c9557c
yarl==1.25.1 --hash=sha256:14b79a30a93a3ce2e8832603fd0ab780ada281b0ba5110b519a634f2d7d7d1fc
